apiVersion: v1
kind: PersistentVolume
metadata:
  annotations:
    pv.kubernetes.io/provisioned-by: pure-csi
  name: pv-import
spec:
  accessModes:
  - ReadWriteOnce
  capacity:
    storage: 1Gi
  claimRef:
    apiVersion: v1
    kind: PersistentVolumeClaim
    # TODO: change to the PVC you want to bind this PV.
    # If you don't pre-bind PVC here, the PV might be automatically bound to a PVC by scheduler.
    name: pvc-import
    # Namespace of the PVC
    namespace: default
  csi:
    driver: pure-csi
    # TODO: change to the volume name in backend.
    # Volume with any name that exists in backend can be imported, and will not be renamed.
    volumeHandle: ns03276-pvc-2031faf1-8348-4ac8-9737-1a0a9989cad7
    volumeAttributes:
      backend: block
  # TODO: configure your desired reclaim policy,
  # Use Retain if you don't want your volume to get deleted when the PV is deleted.
  persistentVolumeReclaimPolicy: Delete
  storageClassName: pure-block
  volumeMode: Filesystem
